<?xml version="1.0" encoding="utf-8"?>
<Project ToolsVersion="15.0" xmlns="http://schemas.microsoft.com/developer/msbuild/2003">
  <ItemGroup>
    <Filter Include="Common">
      <UniqueIdentifier>ab289015-7bba-4eca-af30-c0cca509e387</UniqueIdentifier>
    </Filter>
    <Filter Include="Assets">
      <UniqueIdentifier>e02d0ae8-29e3-4d00-9062-32543dda5a62</UniqueIdentifier>
      <Extensions>bmp;fbx;gif;jpg;jpeg;tga;tiff;tif;png</Extensions>
    </Filter>
    <Filter Include="SerialData">
      <UniqueIdentifier>{f56bb604-fec8-454c-b71c-b81d9062df5c}</UniqueIdentifier>
    </Filter>
    <Filter Include="GUIapplication">
      <UniqueIdentifier>{54e1fece-13e9-4c06-a3f6-7b4fbaf871cf}</UniqueIdentifier>
    </Filter>
  </ItemGroup>
  <ItemGroup>
    <ClCompile Include="pch.cpp" />
    <ClCompile Include="Packet.cpp" />
    <ClCompile Include="Serial.cpp">
      <Filter>SerialData</Filter>
    </ClCompile>
    <ClCompile Include="PortSerialRead.cpp" />
    <ClCompile Include="PositionNode.cpp" />
    <ClCompile Include="site.cpp" />
  </ItemGroup>
  <ItemGroup>
    <ClInclude Include="pch.h" />
    <ClInclude Include="Packet.h" />
    <ClInclude Include="SerialClass.h">
      <Filter>SerialData</Filter>
    </ClInclude>
    <ClInclude Include="CarData.h">
      <Filter>SerialData</Filter>
    </ClInclude>
    <ClInclude Include="gps.h" />
    <ClInclude Include="node.h" />
  </ItemGroup>
  <ItemGroup>
    <Image Include="Assets\LockScreenLogo.scale-200.png">
      <Filter>Assets</Filter>
    </Image>
    <Image Include="Assets\SplashScreen.scale-200.png">
      <Filter>Assets</Filter>
    </Image>
    <Image Include="Assets\Square150x150Logo.scale-200.png">
      <Filter>Assets</Filter>
    </Image>
    <Image Include="Assets\Square44x44Logo.scale-200.png">
      <Filter>Assets</Filter>
    </Image>
    <Image Include="Assets\Square44x44Logo.targetsize-24_altform-unplated.png">
      <Filter>Assets</Filter>
    </Image>
    <Image Include="Assets\StoreLogo.png">
      <Filter>Assets</Filter>
    </Image>
    <Image Include="Assets\Wide310x150Logo.scale-200.png">
      <Filter>Assets</Filter>
    </Image>
  </ItemGroup>
  <ItemGroup>
    <AppxManifest Include="Package.appxmanifest" />
  </ItemGroup>
  <ItemGroup>
    <ApplicationDefinition Include="App.xaml">
      <Filter>GUIapplication</Filter>
    </ApplicationDefinition>
  </ItemGroup>
  <ItemGroup>
    <Page Include="MainPage.xaml">
      <Filter>GUIapplication</Filter>
    </Page>
    <Page Include="BlankPage.xaml" />
  </ItemGroup>
  <ItemGroup>
    <None Include="packetList.cpp" />
  </ItemGroup>
</Project>